
Microsoft Visual Studio Solution File, Format Version 12.00
# Visual Studio 15
VisualStudioVersion = 15.0.26730.16
MinimumVisualStudioVersion = 10.0.40219.1
Project("{2150E333-8FDC-42A3-9474-1A3956D46DE8}") = "4 - beloArte.Domain", "4 - beloArte.Domain", "{5572A5E3-9EF7-431E-94A9-1F2633D4186A}"
EndProject
Project("{FAE04EC0-301F-11D3-BF4B-00C04F79EFBC}") = "beloArte.Domain", "beloArte.Domain\beloArte.Domain.csproj", "{B07F78C9-7CBB-4DB0-9EC2-25FD9F78652E}"
EndProject
Project("{2150E333-8FDC-42A3-9474-1A3956D46DE8}") = "5 - beloArte.Infra", "5 - beloArte.Infra", "{01F71BBC-0720-4DAB-8ED7-8872C89A3E74}"
EndProject
Project("{FAE04EC0-301F-11D3-BF4B-00C04F79EFBC}") = "beloArte.Infra", "beloArte.Infra\beloArte.Infra.csproj", "{754D7A32-C539-4C72-95E6-49F8AF1F95CF}"
EndProject
Project("{2150E333-8FDC-42A3-9474-1A3956D46DE8}") = "1 - beloArte.UI", "1 - beloArte.UI", "{F270676D-85AE-4204-A129-E1B8C310B131}"
EndProject
Project("{FAE04EC0-301F-11D3-BF4B-00C04F79EFBC}") = "beloArte.UI", "beloArte.UI\beloArte.UI.csproj", "{9461E704-B1C3-4282-8AEF-4CB3B983FCEA}"
	ProjectSection(ProjectDependencies) = postProject
		{B8D25D69-FA6E-40E6-8E8A-4FBB04AF020D} = {B8D25D69-FA6E-40E6-8E8A-4FBB04AF020D}
	EndProjectSection
EndProject
Project("{2150E333-8FDC-42A3-9474-1A3956D46DE8}") = "2 - beloArte.BLL", "2 - beloArte.BLL", "{FBB6C468-5CA1-4C40-BCBA-9BB7E08040FF}"
EndProject
Project("{FAE04EC0-301F-11D3-BF4B-00C04F79EFBC}") = "beloArte.BLL", "beloArte.BLL\beloArte.BLL.csproj", "{B8D25D69-FA6E-40E6-8E8A-4FBB04AF020D}"
EndProject
Project("{2150E333-8FDC-42A3-9474-1A3956D46DE8}") = "3 - beloArte.DAL", "3 - beloArte.DAL", "{20C34D7F-18EE-455F-8FCB-881D3E85505F}"
EndProject
Project("{FAE04EC0-301F-11D3-BF4B-00C04F79EFBC}") = "beloArte.DAL", "beloArte.DAL\beloArte.DAL.csproj", "{BA26247F-361F-4D45-A2B4-2CCE64A4D4C3}"
EndProject
Global
	GlobalSection(SolutionConfigurationPlatforms) = preSolution
		Debug|Any CPU = Debug|Any CPU
		Release|Any CPU = Release|Any CPU
	EndGlobalSection
	GlobalSection(ProjectConfigurationPlatforms) = postSolution
		{B07F78C9-7CBB-4DB0-9EC2-25FD9F78652E}.Debug|Any CPU.ActiveCfg = Debug|Any CPU
		{B07F78C9-7CBB-4DB0-9EC2-25FD9F78652E}.Debug|Any CPU.Build.0 = Debug|Any CPU
		{B07F78C9-7CBB-4DB0-9EC2-25FD9F78652E}.Release|Any CPU.ActiveCfg = Release|Any CPU
		{B07F78C9-7CBB-4DB0-9EC2-25FD9F78652E}.Release|Any CPU.Build.0 = Release|Any CPU
		{754D7A32-C539-4C72-95E6-49F8AF1F95CF}.Debug|Any CPU.ActiveCfg = Debug|Any CPU
		{754D7A32-C539-4C72-95E6-49F8AF1F95CF}.Debug|Any CPU.Build.0 = Debug|Any CPU
		{754D7A32-C539-4C72-95E6-49F8AF1F95CF}.Release|Any CPU.ActiveCfg = Release|Any CPU
		{754D7A32-C539-4C72-95E6-49F8AF1F95CF}.Release|Any CPU.Build.0 = Release|Any CPU
		{9461E704-B1C3-4282-8AEF-4CB3B983FCEA}.Debug|Any CPU.ActiveCfg = Debug|Any CPU
		{9461E704-B1C3-4282-8AEF-4CB3B983FCEA}.Debug|Any CPU.Build.0 = Debug|Any CPU
		{9461E704-B1C3-4282-8AEF-4CB3B983FCEA}.Release|Any CPU.ActiveCfg = Release|Any CPU
		{9461E704-B1C3-4282-8AEF-4CB3B983FCEA}.Release|Any CPU.Build.0 = Release|Any CPU
		{B8D25D69-FA6E-40E6-8E8A-4FBB04AF020D}.Debug|Any CPU.ActiveCfg = Debug|Any CPU
		{B8D25D69-FA6E-40E6-8E8A-4FBB04AF020D}.Debug|Any CPU.Build.0 = Debug|Any CPU
		{B8D25D69-FA6E-40E6-8E8A-4FBB04AF020D}.Release|Any CPU.ActiveCfg = Release|Any CPU
		{B8D25D69-FA6E-40E6-8E8A-4FBB04AF020D}.Release|Any CPU.Build.0 = Release|Any CPU
		{BA26247F-361F-4D45-A2B4-2CCE64A4D4C3}.Debug|Any CPU.ActiveCfg = Debug|Any CPU
		{BA26247F-361F-4D45-A2B4-2CCE64A4D4C3}.Debug|Any CPU.Build.0 = Debug|Any CPU
		{BA26247F-361F-4D45-A2B4-2CCE64A4D4C3}.Release|Any CPU.ActiveCfg = Release|Any CPU
		{BA26247F-361F-4D45-A2B4-2CCE64A4D4C3}.Release|Any CPU.Build.0 = Release|Any CPU
	EndGlobalSection
	GlobalSection(SolutionProperties) = preSolution
		HideSolutionNode = FALSE
	EndGlobalSection
	GlobalSection(NestedProjects) = preSolution
		{B07F78C9-7CBB-4DB0-9EC2-25FD9F78652E} = {5572A5E3-9EF7-431E-94A9-1F2633D4186A}
		{754D7A32-C539-4C72-95E6-49F8AF1F95CF} = {01F71BBC-0720-4DAB-8ED7-8872C89A3E74}
		{9461E704-B1C3-4282-8AEF-4CB3B983FCEA} = {F270676D-85AE-4204-A129-E1B8C310B131}
		{B8D25D69-FA6E-40E6-8E8A-4FBB04AF020D} = {FBB6C468-5CA1-4C40-BCBA-9BB7E08040FF}
		{BA26247F-361F-4D45-A2B4-2CCE64A4D4C3} = {20C34D7F-18EE-455F-8FCB-881D3E85505F}
	EndGlobalSection
	GlobalSection(ExtensibilityGlobals) = postSolution
		SolutionGuid = {A0DA8E86-E80E-4D2A-836D-1ABF375161D7}
	EndGlobalSection
EndGlobal
